
Microsoft Visual Studio Solution File, Format Version 12.00
# Visual Studio Version 17
VisualStudioVersion = 17.2.32526.322
MinimumVisualStudioVersion = 10.0.40219.1
Project("{2150E333-8FDC-42A3-9474-1A3956D46DE8}") = "src", "src", "{75F8A3B6-23ED-4972-B26F-5CAFE1709C4B}"
EndProject
Project("{2150E333-8FDC-42A3-9474-1A3956D46DE8}") = "Core", "Core", "{92DD85DC-E218-41D2-AA64-2DD0D9E11EB4}"
EndProject
Project("{2150E333-8FDC-42A3-9474-1A3956D46DE8}") = "Infrastructure", "Infrastructure", "{7D041D94-D7B4-4BBF-85EF-F6AC021E4A62}"
EndProject
Project("{2150E333-8FDC-42A3-9474-1A3956D46DE8}") = "Presentation", "Presentation", "{32C626D8-5D75-4F94-8A16-0E0A8BF46FC4}"
EndProject
Project("{FAE04EC0-301F-11D3-BF4B-00C04F79EFBC}") = "Application", "Application\Application.csproj", "{BE549400-7C86-4122-B4C9-FE5A8A204583}"
EndProject
Project("{FAE04EC0-301F-11D3-BF4B-00C04F79EFBC}") = "Domain", "Domain\Domain.csproj", "{BCE3C065-D97C-4243-9931-B016E6B27FC3}"
EndProject
Project("{FAE04EC0-301F-11D3-BF4B-00C04F79EFBC}") = "Persistence", "Persistence\Persistence.csproj", "{5499F81D-CB32-4F69-AB06-518EEA64107E}"
EndProject
Project("{FAE04EC0-301F-11D3-BF4B-00C04F79EFBC}") = "Shared", "Shared\Shared.csproj", "{EB0D89EA-E2D3-4354-A021-8DD55BE4D685}"
EndProject
Project("{FAE04EC0-301F-11D3-BF4B-00C04F79EFBC}") = "WebAPI", "WebAPI\WebAPI.csproj", "{DD78A2A7-4A65-40A8-8986-CE5FD5C857D9}"
EndProject
Global
	GlobalSection(SolutionConfigurationPlatforms) = preSolution
		Debug|Any CPU = Debug|Any CPU
		Release|Any CPU = Release|Any CPU
	EndGlobalSection
	GlobalSection(ProjectConfigurationPlatforms) = postSolution
		{BE549400-7C86-4122-B4C9-FE5A8A204583}.Debug|Any CPU.ActiveCfg = Debug|Any CPU
		{BE549400-7C86-4122-B4C9-FE5A8A204583}.Debug|Any CPU.Build.0 = Debug|Any CPU
		{BE549400-7C86-4122-B4C9-FE5A8A204583}.Release|Any CPU.ActiveCfg = Release|Any CPU
		{BE549400-7C86-4122-B4C9-FE5A8A204583}.Release|Any CPU.Build.0 = Release|Any CPU
		{BCE3C065-D97C-4243-9931-B016E6B27FC3}.Debug|Any CPU.ActiveCfg = Debug|Any CPU
		{BCE3C065-D97C-4243-9931-B016E6B27FC3}.Debug|Any CPU.Build.0 = Debug|Any CPU
		{BCE3C065-D97C-4243-9931-B016E6B27FC3}.Release|Any CPU.ActiveCfg = Release|Any CPU
		{BCE3C065-D97C-4243-9931-B016E6B27FC3}.Release|Any CPU.Build.0 = Release|Any CPU
		{5499F81D-CB32-4F69-AB06-518EEA64107E}.Debug|Any CPU.ActiveCfg = Debug|Any CPU
		{5499F81D-CB32-4F69-AB06-518EEA64107E}.Debug|Any CPU.Build.0 = Debug|Any CPU
		{5499F81D-CB32-4F69-AB06-518EEA64107E}.Release|Any CPU.ActiveCfg = Release|Any CPU
		{5499F81D-CB32-4F69-AB06-518EEA64107E}.Release|Any CPU.Build.0 = Release|Any CPU
		{EB0D89EA-E2D3-4354-A021-8DD55BE4D685}.Debug|Any CPU.ActiveCfg = Debug|Any CPU
		{EB0D89EA-E2D3-4354-A021-8DD55BE4D685}.Debug|Any CPU.Build.0 = Debug|Any CPU
		{EB0D89EA-E2D3-4354-A021-8DD55BE4D685}.Release|Any CPU.ActiveCfg = Release|Any CPU
		{EB0D89EA-E2D3-4354-A021-8DD55BE4D685}.Release|Any CPU.Build.0 = Release|Any CPU
		{DD78A2A7-4A65-40A8-8986-CE5FD5C857D9}.Debug|Any CPU.ActiveCfg = Debug|Any CPU
		{DD78A2A7-4A65-40A8-8986-CE5FD5C857D9}.Debug|Any CPU.Build.0 = Debug|Any CPU
		{DD78A2A7-4A65-40A8-8986-CE5FD5C857D9}.Release|Any CPU.ActiveCfg = Release|Any CPU
		{DD78A2A7-4A65-40A8-8986-CE5FD5C857D9}.Release|Any CPU.Build.0 = Release|Any CPU
	EndGlobalSection
	GlobalSection(SolutionProperties) = preSolution
		HideSolutionNode = FALSE
	EndGlobalSection
	GlobalSection(NestedProjects) = preSolution
		{92DD85DC-E218-41D2-AA64-2DD0D9E11EB4} = {75F8A3B6-23ED-4972-B26F-5CAFE1709C4B}
		{7D041D94-D7B4-4BBF-85EF-F6AC021E4A62} = {75F8A3B6-23ED-4972-B26F-5CAFE1709C4B}
		{32C626D8-5D75-4F94-8A16-0E0A8BF46FC4} = {75F8A3B6-23ED-4972-B26F-5CAFE1709C4B}
		{BE549400-7C86-4122-B4C9-FE5A8A204583} = {92DD85DC-E218-41D2-AA64-2DD0D9E11EB4}
		{BCE3C065-D97C-4243-9931-B016E6B27FC3} = {92DD85DC-E218-41D2-AA64-2DD0D9E11EB4}
		{5499F81D-CB32-4F69-AB06-518EEA64107E} = {7D041D94-D7B4-4BBF-85EF-F6AC021E4A62}
		{EB0D89EA-E2D3-4354-A021-8DD55BE4D685} = {7D041D94-D7B4-4BBF-85EF-F6AC021E4A62}
		{DD78A2A7-4A65-40A8-8986-CE5FD5C857D9} = {32C626D8-5D75-4F94-8A16-0E0A8BF46FC4}
	EndGlobalSection
	GlobalSection(ExtensibilityGlobals) = postSolution
		SolutionGuid = {4CC622F5-AAD9-4853-9450-7C8D34258903}
	EndGlobalSection
EndGlobal
